{
  "autofirma.clienteafirma.dependencies.jmulticard": {
    "hash": "sha256-xqzFxC+AT5NEEnTxKbNckwTBllMo0Glluuz5GtJLfgg="
  },
  "autofirma.clienteafirma.dependencies.clienteafirma-external": {
    "hash": "sha256-JxbIpnHG0PEzEw3xEbZhxEoDOBGrVvawoFXpajgLmOw="
  },
  "autofirma.clienteafirma": {
    "hash": "sha256-5nnqmv8v4QlTlyuckb4x/rWJoSu5b3SyeIiOlxSOvXU=",
    "dependencies": [
      "autofirma.clienteafirma.dependencies.jmulticard",
      "autofirma.clienteafirma.dependencies.clienteafirma-external"
    ]
  }
}