{
  "autofirma.clienteafirma.dependencies.jmulticard": {
    "hash": "sha256-knrbWRRMD0FDdXd/+4/mNz16PYVETJ+q2Kfb/eiImHs="
  },
  "autofirma.clienteafirma.dependencies.clienteafirma-external": {
    "hash": "sha256-86dnIYCQ/vCsTSWIoHgQAz8sRdJh4iLKTv8UHq4nCas="
  },
  "autofirma.clienteafirma": {
    "hash": "sha256-YRVimLlSjGYr3MN6jNk9UH+uip7e5ZtsNL2IZ2yd+d0=",
    "dependencies": [
      "autofirma.clienteafirma.dependencies.jmulticard",
      "autofirma.clienteafirma.dependencies.clienteafirma-external"
    ]
  }
}